
Microsoft Visual Studio Solution File, Format Version 12.00
# Visual Studio 15
VisualStudioVersion = 15.0.26228.102
MinimumVisualStudioVersion = 10.0.40219.1
Project("{8BC9CEB8-8B4A-11D0-8D11-00A0C91BC942}") = "ShaderLib", "ShaderLib\ShaderLib.vcxproj", "{4618109B-EC95-45B6-A2B2-2761C798EBFF}"
EndProject
Project("{8BC9CEB8-8B4A-11D0-8D11-00A0C91BC942}") = "FinalProject", "FinalProject\FinalProject.vcxproj", "{925958EE-1E3D-4262-AD0D-671FCA3EF085}"
	ProjectSection(ProjectDependencies) = postProject
		{4618109B-EC95-45B6-A2B2-2761C798EBFF} = {4618109B-EC95-45B6-A2B2-2761C798EBFF}
	EndProjectSection
EndProject
Project("{8BC9CEB8-8B4A-11D0-8D11-00A0C91BC942}") = "FinalProject_UnitTests", "FinalProject_UnitTests\FinalProject_UnitTests.vcxproj", "{973B3067-4EE2-4086-837E-0EFBBE43015F}"
	ProjectSection(ProjectDependencies) = postProject
		{925958EE-1E3D-4262-AD0D-671FCA3EF085} = {925958EE-1E3D-4262-AD0D-671FCA3EF085}
	EndProjectSection
EndProject
Global
	GlobalSection(SolutionConfigurationPlatforms) = preSolution
		Debug|x64 = Debug|x64
		Debug|x86 = Debug|x86
		Release|x64 = Release|x64
		Release|x86 = Release|x86
	EndGlobalSection
	GlobalSection(ProjectConfigurationPlatforms) = postSolution
		{4618109B-EC95-45B6-A2B2-2761C798EBFF}.Debug|x64.ActiveCfg = Debug|x64
		{4618109B-EC95-45B6-A2B2-2761C798EBFF}.Debug|x64.Build.0 = Debug|x64
		{4618109B-EC95-45B6-A2B2-2761C798EBFF}.Debug|x86.ActiveCfg = Debug|x64
		{4618109B-EC95-45B6-A2B2-2761C798EBFF}.Release|x64.ActiveCfg = Release|x64
		{4618109B-EC95-45B6-A2B2-2761C798EBFF}.Release|x64.Build.0 = Release|x64
		{4618109B-EC95-45B6-A2B2-2761C798EBFF}.Release|x86.ActiveCfg = Release|x64
		{925958EE-1E3D-4262-AD0D-671FCA3EF085}.Debug|x64.ActiveCfg = Debug|x64
		{925958EE-1E3D-4262-AD0D-671FCA3EF085}.Debug|x64.Build.0 = Debug|x64
		{925958EE-1E3D-4262-AD0D-671FCA3EF085}.Debug|x86.ActiveCfg = Debug|x64
		{925958EE-1E3D-4262-AD0D-671FCA3EF085}.Release|x64.ActiveCfg = Release|x64
		{925958EE-1E3D-4262-AD0D-671FCA3EF085}.Release|x64.Build.0 = Release|x64
		{925958EE-1E3D-4262-AD0D-671FCA3EF085}.Release|x86.ActiveCfg = Release|x64
		{973B3067-4EE2-4086-837E-0EFBBE43015F}.Debug|x64.ActiveCfg = Debug|x64
		{973B3067-4EE2-4086-837E-0EFBBE43015F}.Debug|x64.Build.0 = Debug|x64
		{973B3067-4EE2-4086-837E-0EFBBE43015F}.Debug|x86.ActiveCfg = Debug|x64
		{973B3067-4EE2-4086-837E-0EFBBE43015F}.Release|x64.ActiveCfg = Release|x64
		{973B3067-4EE2-4086-837E-0EFBBE43015F}.Release|x64.Build.0 = Release|x64
		{973B3067-4EE2-4086-837E-0EFBBE43015F}.Release|x86.ActiveCfg = Release|x64
	EndGlobalSection
	GlobalSection(SolutionProperties) = preSolution
		HideSolutionNode = FALSE
	EndGlobalSection
	GlobalSection(ExtensibilityGlobals) = postSolution
		SolutionGuid = {E8599325-7F25-4C03-82D4-1D92CC362E1E}
	EndGlobalSection
EndGlobal
