<?xml version="1.0" encoding="utf-8"?>
<Project ToolsVersion="4.0" xmlns="http://schemas.microsoft.com/developer/msbuild/2003">
  <ItemGroup>
    <Filter Include="shaders">
      <UniqueIdentifier>{4adc6817-07c2-4eb4-9719-0635f59e847b}</UniqueIdentifier>
      <Extensions>glsl</Extensions>
    </Filter>
    <Filter Include="sources">
      <UniqueIdentifier>{cf0e67b2-da0b-415b-8d4b-64fa514a5862}</UniqueIdentifier>
      <Extensions>cpp;c;cc;cxx;def;odl;idl;hpj;bat;asm;asmx</Extensions>
    </Filter>
    <Filter Include="headers">
      <UniqueIdentifier>{2e6200fd-5872-499e-a521-0f79f700511d}</UniqueIdentifier>
      <Extensions>h;hh;hpp;hxx;hm;inl;inc;ipp;xsd</Extensions>
    </Filter>
    <Filter Include="pvmdds">
      <UniqueIdentifier>{8e105a03-c2bd-4689-b807-61ccd9180cdf}</UniqueIdentifier>
    </Filter>
  </ItemGroup>
  <ItemGroup>
    <ClCompile Include="MouseInput.cpp">
      <Filter>sources</Filter>
    </ClCompile>
    <ClCompile Include="Scene.cpp">
      <Filter>sources</Filter>
    </ClCompile>
    <ClCompile Include="Light.cpp">
      <Filter>sources</Filter>
    </ClCompile>
    <ClCompile Include="UI.cpp">
      <Filter>sources</Filter>
    </ClCompile>
    <ClCompile Include="Model.cpp">
      <Filter>sources</Filter>
    </ClCompile>
    <ClCompile Include="TransformableContainer.cpp">
      <Filter>sources</Filter>
    </ClCompile>
    <ClCompile Include="Floor.cpp">
      <Filter>sources</Filter>
    </ClCompile>
    <ClCompile Include="DataBuilder.cpp">
      <Filter>sources</Filter>
    </ClCompile>
    <ClCompile Include="LineStrip.cpp">
      <Filter>sources</Filter>
    </ClCompile>
    <ClCompile Include="IsoBuilder.cpp">
      <Filter>sources</Filter>
    </ClCompile>
    <ClCompile Include="FinalProject_host.cpp">
      <Filter>sources</Filter>
    </ClCompile>
    <ClCompile Include="ddsbase.cpp">
      <Filter>pvmdds</Filter>
    </ClCompile>
  </ItemGroup>
  <ItemGroup>
    <ClInclude Include="MouseInput.h">
      <Filter>headers</Filter>
    </ClInclude>
    <ClInclude Include="Scene.h">
      <Filter>headers</Filter>
    </ClInclude>
    <ClInclude Include="Light.h">
      <Filter>headers</Filter>
    </ClInclude>
    <ClInclude Include="UI.h">
      <Filter>headers</Filter>
    </ClInclude>
    <ClInclude Include="ConfigHandler.h">
      <Filter>headers</Filter>
    </ClInclude>
    <ClInclude Include="Model.h">
      <Filter>headers</Filter>
    </ClInclude>
    <ClInclude Include="Transformable.h">
      <Filter>headers</Filter>
    </ClInclude>
    <ClInclude Include="TransformableContainer.h">
      <Filter>headers</Filter>
    </ClInclude>
    <ClInclude Include="Floor.h">
      <Filter>headers</Filter>
    </ClInclude>
    <ClInclude Include="DataBuilder.h">
      <Filter>headers</Filter>
    </ClInclude>
    <ClInclude Include="LineStrip.h">
      <Filter>headers</Filter>
    </ClInclude>
    <ClInclude Include="IsoBuilder.h">
      <Filter>headers</Filter>
    </ClInclude>
    <ClInclude Include="VertAtt.h">
      <Filter>headers</Filter>
    </ClInclude>
    <ClInclude Include="codebase.h">
      <Filter>pvmdds</Filter>
    </ClInclude>
    <ClInclude Include="ddsbase.h">
      <Filter>pvmdds</Filter>
    </ClInclude>
    <ClInclude Include="HistogramData.h">
      <Filter>headers</Filter>
    </ClInclude>
  </ItemGroup>
  <ItemGroup>
    <None Include="ModelFShader.glsl">
      <Filter>shaders</Filter>
    </None>
    <None Include="ModelVShader.glsl">
      <Filter>shaders</Filter>
    </None>
  </ItemGroup>
</Project>